// !$*UTF8*$!
{
	archiveVersion = 1;
	classes = {
	};
	objectVersion = 55;
	objects = {

/* Begin PBXBuildFile section */
		3303AFD6273B5B5A00F0D116 /* CheckboxField.swift in Sources */ = {isa = PBXBuildFile; fileRef = 3303AFD5273B5B5A00F0D116 /* CheckboxField.swift */; };
		331F727E273C9CA300003CE8 /* QuestionViewPlayingBody.swift in Sources */ = {isa = PBXBuildFile; fileRef = 331F727D273C9CA300003CE8 /* QuestionViewPlayingBody.swift */; };
		331F7281273C9EEC00003CE8 /* Text+.swift in Sources */ = {isa = PBXBuildFile; fileRef = 331F7280273C9EEC00003CE8 /* Text+.swift */; };
		331F7283273C9F1000003CE8 /* QuestionViewAnswerButtonModifier.swift in Sources */ = {isa = PBXBuildFile; fileRef = 331F7282273C9F1000003CE8 /* QuestionViewAnswerButtonModifier.swift */; };
		331F7285273C9F4900003CE8 /* QuestionNavigationBarView.swift in Sources */ = {isa = PBXBuildFile; fileRef = 331F7284273C9F4900003CE8 /* QuestionNavigationBarView.swift */; };
		331F7287273CA58700003CE8 /* Data.swift in Sources */ = {isa = PBXBuildFile; fileRef = 331F7286273CA58700003CE8 /* Data.swift */; };
		331F7289273CA6AF00003CE8 /* QuestionResultView.swift in Sources */ = {isa = PBXBuildFile; fileRef = 331F7288273CA6AF00003CE8 /* QuestionResultView.swift */; };
		331F728B273CAA1200003CE8 /* LivesView.swift in Sources */ = {isa = PBXBuildFile; fileRef = 331F728A273CAA1200003CE8 /* LivesView.swift */; };
		331F728D27430B2C00003CE8 /* MLGameState.swift in Sources */ = {isa = PBXBuildFile; fileRef = 331F728C27430B2C00003CE8 /* MLGameState.swift */; };
		331F728F27430C8500003CE8 /* MLGameStateStack.swift in Sources */ = {isa = PBXBuildFile; fileRef = 331F728E27430C8500003CE8 /* MLGameStateStack.swift */; };
		331F729127430FC600003CE8 /* GKPlayerManager.swift in Sources */ = {isa = PBXBuildFile; fileRef = 331F729027430FC600003CE8 /* GKPlayerManager.swift */; };
		331F7293274415A500003CE8 /* MLSimpleFactory.swift in Sources */ = {isa = PBXBuildFile; fileRef = 331F7292274415A500003CE8 /* MLSimpleFactory.swift */; };
		331F729527441F3800003CE8 /* QuestionService.swift in Sources */ = {isa = PBXBuildFile; fileRef = 331F729427441F3800003CE8 /* QuestionService.swift */; };
		331F72982745600C00003CE8 /* Realm in Frameworks */ = {isa = PBXBuildFile; productRef = 331F72972745600C00003CE8 /* Realm */; };
		331F729A2745600C00003CE8 /* RealmSwift in Frameworks */ = {isa = PBXBuildFile; productRef = 331F72992745600C00003CE8 /* RealmSwift */; };
		3343D8E427388EED00EFC8CB /* MLGameAuthViewRepresentable.swift in Sources */ = {isa = PBXBuildFile; fileRef = 3343D8E327388EED00EFC8CB /* MLGameAuthViewRepresentable.swift */; };
		3343D8E627388F0C00EFC8CB /* GameViewRepresentable.swift in Sources */ = {isa = PBXBuildFile; fileRef = 3343D8E527388F0C00EFC8CB /* GameViewRepresentable.swift */; };
		3343D8E827388F8000EFC8CB /* MLGameAuthView.swift in Sources */ = {isa = PBXBuildFile; fileRef = 3343D8E727388F8000EFC8CB /* MLGameAuthView.swift */; };
		3343D8EA27388FBC00EFC8CB /* GameView.swift in Sources */ = {isa = PBXBuildFile; fileRef = 3343D8E927388FBC00EFC8CB /* GameView.swift */; };
		3343D8ED2738A02B00EFC8CB /* MatchView.swift in Sources */ = {isa = PBXBuildFile; fileRef = 3343D8EC2738A02A00EFC8CB /* MatchView.swift */; };
		3343D8EF2738A0EB00EFC8CB /* MLMatch.swift in Sources */ = {isa = PBXBuildFile; fileRef = 3343D8EE2738A0EB00EFC8CB /* MLMatch.swift */; };
		3343D8F12739A70000EFC8CB /* MatchListView.swift in Sources */ = {isa = PBXBuildFile; fileRef = 3343D8F02739A6FF00EFC8CB /* MatchListView.swift */; };
		3343D8F3273A1FBF00EFC8CB /* EmilyView.swift in Sources */ = {isa = PBXBuildFile; fileRef = 3343D8F2273A1FBF00EFC8CB /* EmilyView.swift */; };
		335A0DBC273C92210068379D /* QuestionViewHeader.swift in Sources */ = {isa = PBXBuildFile; fileRef = 335A0DBB273C92210068379D /* QuestionViewHeader.swift */; };
		335A0DBE273C984C0068379D /* QuestionViewEditingBody.swift in Sources */ = {isa = PBXBuildFile; fileRef = 335A0DBD273C984C0068379D /* QuestionViewEditingBody.swift */; };
		335A0DC0273C9A050068379D /* QuestionViewResultsBody.swift in Sources */ = {isa = PBXBuildFile; fileRef = 335A0DBF273C9A050068379D /* QuestionViewResultsBody.swift */; };
		336262FA2732562C00264C98 /* SignsUpApp.swift in Sources */ = {isa = PBXBuildFile; fileRef = 336262F92732562C00264C98 /* SignsUpApp.swift */; };
		336262FC2732562C00264C98 /* ContentView.swift in Sources */ = {isa = PBXBuildFile; fileRef = 336262FB2732562C00264C98 /* ContentView.swift */; };
		336262FE2732562E00264C98 /* Assets.xcassets in Resources */ = {isa = PBXBuildFile; fileRef = 336262FD2732562E00264C98 /* Assets.xcassets */; };
		336263012732562E00264C98 /* Preview Assets.xcassets in Resources */ = {isa = PBXBuildFile; fileRef = 336263002732562E00264C98 /* Preview Assets.xcassets */; };
		3362630927325F8300264C98 /* InputModifier.swift in Sources */ = {isa = PBXBuildFile; fileRef = 3362630827325F8300264C98 /* InputModifier.swift */; };
		3362630B273263ED00264C98 /* SignupFormViewModel.swift in Sources */ = {isa = PBXBuildFile; fileRef = 3362630A273263ED00264C98 /* SignupFormViewModel.swift */; };
		3362630E273267CE00264C98 /* TextFieldType.swift in Sources */ = {isa = PBXBuildFile; fileRef = 3362630D273267CE00264C98 /* TextFieldType.swift */; };
		3362631227329F1E00264C98 /* InvalidTextModifier.swift in Sources */ = {isa = PBXBuildFile; fileRef = 3362631127329F1E00264C98 /* InvalidTextModifier.swift */; };
		336263142732EF5A00264C98 /* SplashView.swift in Sources */ = {isa = PBXBuildFile; fileRef = 336263132732EF5A00264C98 /* SplashView.swift */; };
		336263172732EF8F00264C98 /* HomeView.swift in Sources */ = {isa = PBXBuildFile; fileRef = 336263162732EF8F00264C98 /* HomeView.swift */; };
		336263192733929F00264C98 /* QuizListView.swift in Sources */ = {isa = PBXBuildFile; fileRef = 336263182733929F00264C98 /* QuizListView.swift */; };
		33D421D72733A3030058C74F /* QuestionView.swift in Sources */ = {isa = PBXBuildFile; fileRef = 33D421D62733A3030058C74F /* QuestionView.swift */; };
		33D421D92733AF980058C74F /* Question.swift in Sources */ = {isa = PBXBuildFile; fileRef = 33D421D82733AF980058C74F /* Question.swift */; };
		33D421DB2733AF9E0058C74F /* Answer.swift in Sources */ = {isa = PBXBuildFile; fileRef = 33D421DA2733AF9E0058C74F /* Answer.swift */; };
		33D421DF2733B31D0058C74F /* CloudKit.framework in Frameworks */ = {isa = PBXBuildFile; fileRef = 33D421DE2733B31D0058C74F /* CloudKit.framework */; };
		33D421E12733B5820058C74F /* CloudManager.swift in Sources */ = {isa = PBXBuildFile; fileRef = 33D421E02733B5820058C74F /* CloudManager.swift */; };
		33D421E3273707640058C74F /* GameKit.framework in Frameworks */ = {isa = PBXBuildFile; fileRef = 33D421E2273707640058C74F /* GameKit.framework */; };
		33D421E6273707B50058C74F /* MLGameAuthController.swift in Sources */ = {isa = PBXBuildFile; fileRef = 33D421E5273707B50058C74F /* MLGameAuthController.swift */; };
		33D421EA27375BB30058C74F /* MLGameData.swift in Sources */ = {isa = PBXBuildFile; fileRef = 33D421E927375BB30058C74F /* MLGameData.swift */; };
		33D421EC27375BD40058C74F /* MLPlayer.swift in Sources */ = {isa = PBXBuildFile; fileRef = 33D421EB27375BD40058C74F /* MLPlayer.swift */; };
		33D421EE27375F220058C74F /* MLGame.swift in Sources */ = {isa = PBXBuildFile; fileRef = 33D421ED27375F220058C74F /* MLGame.swift */; };
		33D421F12737730D0058C74F /* GameViewController.swift in Sources */ = {isa = PBXBuildFile; fileRef = 33D421F02737730D0058C74F /* GameViewController.swift */; };
/* End PBXBuildFile section */

/* Begin PBXFileReference section */
		3303AFD5273B5B5A00F0D116 /* CheckboxField.swift */ = {isa = PBXFileReference; lastKnownFileType = sourcecode.swift; path = CheckboxField.swift; sourceTree = "<group>"; };
		331F727D273C9CA300003CE8 /* QuestionViewPlayingBody.swift */ = {isa = PBXFileReference; lastKnownFileType = sourcecode.swift; path = QuestionViewPlayingBody.swift; sourceTree = "<group>"; };
		331F7280273C9EEC00003CE8 /* Text+.swift */ = {isa = PBXFileReference; lastKnownFileType = sourcecode.swift; path = "Text+.swift"; sourceTree = "<group>"; };
		331F7282273C9F1000003CE8 /* QuestionViewAnswerButtonModifier.swift */ = {isa = PBXFileReference; lastKnownFileType = sourcecode.swift; path = QuestionViewAnswerButtonModifier.swift; sourceTree = "<group>"; };
		331F7284273C9F4900003CE8 /* QuestionNavigationBarView.swift */ = {isa = PBXFileReference; lastKnownFileType = sourcecode.swift; path = QuestionNavigationBarView.swift; sourceTree = "<group>"; };
		331F7286273CA58700003CE8 /* Data.swift */ = {isa = PBXFileReference; lastKnownFileType = sourcecode.swift; path = Data.swift; sourceTree = "<group>"; };
		331F7288273CA6AF00003CE8 /* QuestionResultView.swift */ = {isa = PBXFileReference; lastKnownFileType = sourcecode.swift; path = QuestionResultView.swift; sourceTree = "<group>"; };
		331F728A273CAA1200003CE8 /* LivesView.swift */ = {isa = PBXFileReference; lastKnownFileType = sourcecode.swift; path = LivesView.swift; sourceTree = "<group>"; };
		331F728C27430B2C00003CE8 /* MLGameState.swift */ = {isa = PBXFileReference; lastKnownFileType = sourcecode.swift; path = MLGameState.swift; sourceTree = "<group>"; };
		331F728E27430C8500003CE8 /* MLGameStateStack.swift */ = {isa = PBXFileReference; lastKnownFileType = sourcecode.swift; path = MLGameStateStack.swift; sourceTree = "<group>"; };
		331F729027430FC600003CE8 /* GKPlayerManager.swift */ = {isa = PBXFileReference; lastKnownFileType = sourcecode.swift; path = GKPlayerManager.swift; sourceTree = "<group>"; };
		331F7292274415A500003CE8 /* MLSimpleFactory.swift */ = {isa = PBXFileReference; lastKnownFileType = sourcecode.swift; path = MLSimpleFactory.swift; sourceTree = "<group>"; };
		331F729427441F3800003CE8 /* QuestionService.swift */ = {isa = PBXFileReference; lastKnownFileType = sourcecode.swift; path = QuestionService.swift; sourceTree = "<group>"; };
		3343D8E327388EED00EFC8CB /* MLGameAuthViewRepresentable.swift */ = {isa = PBXFileReference; lastKnownFileType = sourcecode.swift; path = MLGameAuthViewRepresentable.swift; sourceTree = "<group>"; };
		3343D8E527388F0C00EFC8CB /* GameViewRepresentable.swift */ = {isa = PBXFileReference; lastKnownFileType = sourcecode.swift; path = GameViewRepresentable.swift; sourceTree = "<group>"; };
		3343D8E727388F8000EFC8CB /* MLGameAuthView.swift */ = {isa = PBXFileReference; lastKnownFileType = sourcecode.swift; path = MLGameAuthView.swift; sourceTree = "<group>"; };
		3343D8E927388FBC00EFC8CB /* GameView.swift */ = {isa = PBXFileReference; lastKnownFileType = sourcecode.swift; path = GameView.swift; sourceTree = "<group>"; };
		3343D8EC2738A02A00EFC8CB /* MatchView.swift */ = {isa = PBXFileReference; lastKnownFileType = sourcecode.swift; path = MatchView.swift; sourceTree = "<group>"; };
		3343D8EE2738A0EB00EFC8CB /* MLMatch.swift */ = {isa = PBXFileReference; lastKnownFileType = sourcecode.swift; path = MLMatch.swift; sourceTree = "<group>"; };
		3343D8F02739A6FF00EFC8CB /* MatchListView.swift */ = {isa = PBXFileReference; lastKnownFileType = sourcecode.swift; path = MatchListView.swift; sourceTree = "<group>"; };
		3343D8F2273A1FBF00EFC8CB /* EmilyView.swift */ = {isa = PBXFileReference; lastKnownFileType = sourcecode.swift; path = EmilyView.swift; sourceTree = "<group>"; };
		335A0DBB273C92210068379D /* QuestionViewHeader.swift */ = {isa = PBXFileReference; lastKnownFileType = sourcecode.swift; path = QuestionViewHeader.swift; sourceTree = "<group>"; };
		335A0DBD273C984C0068379D /* QuestionViewEditingBody.swift */ = {isa = PBXFileReference; lastKnownFileType = sourcecode.swift; path = QuestionViewEditingBody.swift; sourceTree = "<group>"; };
		335A0DBF273C9A050068379D /* QuestionViewResultsBody.swift */ = {isa = PBXFileReference; lastKnownFileType = sourcecode.swift; path = QuestionViewResultsBody.swift; sourceTree = "<group>"; };
		336262F62732562C00264C98 /* ocky.app */ = {isa = PBXFileReference; explicitFileType = wrapper.application; includeInIndex = 0; path = ocky.app; sourceTree = BUILT_PRODUCTS_DIR; };
		336262F92732562C00264C98 /* SignsUpApp.swift */ = {isa = PBXFileReference; lastKnownFileType = sourcecode.swift; path = SignsUpApp.swift; sourceTree = "<group>"; };
		336262FB2732562C00264C98 /* ContentView.swift */ = {isa = PBXFileReference; lastKnownFileType = sourcecode.swift; path = ContentView.swift; sourceTree = "<group>"; };
		336262FD2732562E00264C98 /* Assets.xcassets */ = {isa = PBXFileReference; lastKnownFileType = folder.assetcatalog; path = Assets.xcassets; sourceTree = "<group>"; };
		336263002732562E00264C98 /* Preview Assets.xcassets */ = {isa = PBXFileReference; lastKnownFileType = folder.assetcatalog; path = "Preview Assets.xcassets"; sourceTree = "<group>"; };
		3362630827325F8300264C98 /* InputModifier.swift */ = {isa = PBXFileReference; lastKnownFileType = sourcecode.swift; path = InputModifier.swift; sourceTree = "<group>"; };
		3362630A273263ED00264C98 /* SignupFormViewModel.swift */ = {isa = PBXFileReference; lastKnownFileType = sourcecode.swift; path = SignupFormViewModel.swift; sourceTree = "<group>"; };
		3362630D273267CE00264C98 /* TextFieldType.swift */ = {isa = PBXFileReference; lastKnownFileType = sourcecode.swift; path = TextFieldType.swift; sourceTree = "<group>"; };
		3362631127329F1E00264C98 /* InvalidTextModifier.swift */ = {isa = PBXFileReference; lastKnownFileType = sourcecode.swift; path = InvalidTextModifier.swift; sourceTree = "<group>"; };
		336263132732EF5A00264C98 /* SplashView.swift */ = {isa = PBXFileReference; lastKnownFileType = sourcecode.swift; path = SplashView.swift; sourceTree = "<group>"; };
		336263162732EF8F00264C98 /* HomeView.swift */ = {isa = PBXFileReference; lastKnownFileType = sourcecode.swift; path = HomeView.swift; sourceTree = "<group>"; };
		336263182733929F00264C98 /* QuizListView.swift */ = {isa = PBXFileReference; lastKnownFileType = sourcecode.swift; path = QuizListView.swift; sourceTree = "<group>"; };
		33D421D62733A3030058C74F /* QuestionView.swift */ = {isa = PBXFileReference; lastKnownFileType = sourcecode.swift; path = QuestionView.swift; sourceTree = "<group>"; };
		33D421D82733AF980058C74F /* Question.swift */ = {isa = PBXFileReference; lastKnownFileType = sourcecode.swift; path = Question.swift; sourceTree = "<group>"; };
		33D421DA2733AF9E0058C74F /* Answer.swift */ = {isa = PBXFileReference; lastKnownFileType = sourcecode.swift; path = Answer.swift; sourceTree = "<group>"; };
		33D421DE2733B31D0058C74F /* CloudKit.framework */ = {isa = PBXFileReference; lastKnownFileType = wrapper.framework; name = CloudKit.framework; path = System/Library/Frameworks/CloudKit.framework; sourceTree = SDKROOT; };
		33D421E02733B5820058C74F /* CloudManager.swift */ = {isa = PBXFileReference; lastKnownFileType = sourcecode.swift; path = CloudManager.swift; sourceTree = "<group>"; };
		33D421E2273707640058C74F /* GameKit.framework */ = {isa = PBXFileReference; lastKnownFileType = wrapper.framework; name = GameKit.framework; path = System/Library/Frameworks/GameKit.framework; sourceTree = SDKROOT; };
		33D421E5273707B50058C74F /* MLGameAuthController.swift */ = {isa = PBXFileReference; lastKnownFileType = sourcecode.swift; path = MLGameAuthController.swift; sourceTree = "<group>"; };
		33D421E82737193D0058C74F /* SignsUp.entitlements */ = {isa = PBXFileReference; fileEncoding = 4; lastKnownFileType = text.plist.entitlements; path = SignsUp.entitlements; sourceTree = "<group>"; };
		33D421E927375BB30058C74F /* MLGameData.swift */ = {isa = PBXFileReference; lastKnownFileType = sourcecode.swift; path = MLGameData.swift; sourceTree = "<group>"; };
		33D421EB27375BD40058C74F /* MLPlayer.swift */ = {isa = PBXFileReference; lastKnownFileType = sourcecode.swift; path = MLPlayer.swift; sourceTree = "<group>"; };
		33D421ED27375F220058C74F /* MLGame.swift */ = {isa = PBXFileReference; lastKnownFileType = sourcecode.swift; path = MLGame.swift; sourceTree = "<group>"; };
		33D421F02737730D0058C74F /* GameViewController.swift */ = {isa = PBXFileReference; lastKnownFileType = sourcecode.swift; path = GameViewController.swift; sourceTree = "<group>"; };
/* End PBXFileReference section */

/* Begin PBXFrameworksBuildPhase section */
		336262F32732562C00264C98 /* Frameworks */ = {
			isa = PBXFrameworksBuildPhase;
			buildActionMask = 2147483647;
			files = (
				331F729A2745600C00003CE8 /* RealmSwift in Frameworks */,
				331F72982745600C00003CE8 /* Realm in Frameworks */,
				33D421DF2733B31D0058C74F /* CloudKit.framework in Frameworks */,
				33D421E3273707640058C74F /* GameKit.framework in Frameworks */,
			);
			runOnlyForDeploymentPostprocessing = 0;
		};
/* End PBXFrameworksBuildPhase section */

/* Begin PBXGroup section */
		331F727F273C9EDB00003CE8 /* Extensions */ = {
			isa = PBXGroup;
			children = (
				331F7280273C9EEC00003CE8 /* Text+.swift */,
			);
			path = Extensions;
			sourceTree = "<group>";
		};
		3343D8E227388EE300EFC8CB /* Representables */ = {
			isa = PBXGroup;
			children = (
				3343D8E327388EED00EFC8CB /* MLGameAuthViewRepresentable.swift */,
				3343D8E527388F0C00EFC8CB /* GameViewRepresentable.swift */,
			);
			path = Representables;
			sourceTree = "<group>";
		};
		3343D8EB2738900900EFC8CB /* Components */ = {
			isa = PBXGroup;
			children = (
				336263182733929F00264C98 /* QuizListView.swift */,
				331F7286273CA58700003CE8 /* Data.swift */,
				335A0DBF273C9A050068379D /* QuestionViewResultsBody.swift */,
				331F727D273C9CA300003CE8 /* QuestionViewPlayingBody.swift */,
				331F7288273CA6AF00003CE8 /* QuestionResultView.swift */,
				33D421D62733A3030058C74F /* QuestionView.swift */,
				331F7284273C9F4900003CE8 /* QuestionNavigationBarView.swift */,
				3343D8F2273A1FBF00EFC8CB /* EmilyView.swift */,
				331F728A273CAA1200003CE8 /* LivesView.swift */,
				3303AFD5273B5B5A00F0D116 /* CheckboxField.swift */,
				335A0DBB273C92210068379D /* QuestionViewHeader.swift */,
				335A0DBD273C984C0068379D /* QuestionViewEditingBody.swift */,
			);
			path = Components;
			sourceTree = "<group>";
		};
		336262ED2732562C00264C98 = {
			isa = PBXGroup;
			children = (
				336262F82732562C00264C98 /* ocky */,
				336262F72732562C00264C98 /* Products */,
				33D421DD2733B31D0058C74F /* Frameworks */,
			);
			sourceTree = "<group>";
		};
		336262F72732562C00264C98 /* Products */ = {
			isa = PBXGroup;
			children = (
				336262F62732562C00264C98 /* ocky.app */,
			);
			name = Products;
			sourceTree = "<group>";
		};
		336262F82732562C00264C98 /* ocky */ = {
			isa = PBXGroup;
			children = (
				331F727F273C9EDB00003CE8 /* Extensions */,
				3343D8E227388EE300EFC8CB /* Representables */,
				33D421EF27375FA90058C74F /* Observables */,
				33D421E82737193D0058C74F /* SignsUp.entitlements */,
				33D421E42737077E0058C74F /* Controller */,
				3362630F273267D900264C98 /* View */,
				3362630C273267C200264C98 /* Model */,
				3362630727325F5F00264C98 /* Modifiers */,
				3362630A273263ED00264C98 /* SignupFormViewModel.swift */,
				336262F92732562C00264C98 /* SignsUpApp.swift */,
				336262FD2732562E00264C98 /* Assets.xcassets */,
				336262FF2732562E00264C98 /* Preview Content */,
				33D421E02733B5820058C74F /* CloudManager.swift */,
				331F728E27430C8500003CE8 /* MLGameStateStack.swift */,
				331F729027430FC600003CE8 /* GKPlayerManager.swift */,
				331F7292274415A500003CE8 /* MLSimpleFactory.swift */,
				331F729427441F3800003CE8 /* QuestionService.swift */,
			);
			path = ocky;
			sourceTree = "<group>";
		};
		336262FF2732562E00264C98 /* Preview Content */ = {
			isa = PBXGroup;
			children = (
				336263002732562E00264C98 /* Preview Assets.xcassets */,
			);
			path = "Preview Content";
			sourceTree = "<group>";
		};
		3362630727325F5F00264C98 /* Modifiers */ = {
			isa = PBXGroup;
			children = (
				3362630827325F8300264C98 /* InputModifier.swift */,
				3362631127329F1E00264C98 /* InvalidTextModifier.swift */,
				331F7282273C9F1000003CE8 /* QuestionViewAnswerButtonModifier.swift */,
			);
			path = Modifiers;
			sourceTree = "<group>";
		};
		3362630C273267C200264C98 /* Model */ = {
			isa = PBXGroup;
			children = (
				33D421D82733AF980058C74F /* Question.swift */,
				33D421DA2733AF9E0058C74F /* Answer.swift */,
				331F728C27430B2C00003CE8 /* MLGameState.swift */,
				33D421E927375BB30058C74F /* MLGameData.swift */,
				3343D8EE2738A0EB00EFC8CB /* MLMatch.swift */,
				33D421EB27375BD40058C74F /* MLPlayer.swift */,
			);
			path = Model;
			sourceTree = "<group>";
		};
		3362630F273267D900264C98 /* View */ = {
			isa = PBXGroup;
			children = (
				336263132732EF5A00264C98 /* SplashView.swift */,
				336262FB2732562C00264C98 /* ContentView.swift */,
				3362630D273267CE00264C98 /* TextFieldType.swift */,
				3343D8EB2738900900EFC8CB /* Components */,
				336263162732EF8F00264C98 /* HomeView.swift */,
				3343D8E727388F8000EFC8CB /* MLGameAuthView.swift */,
				3343D8E927388FBC00EFC8CB /* GameView.swift */,
				3343D8EC2738A02A00EFC8CB /* MatchView.swift */,
				3343D8F02739A6FF00EFC8CB /* MatchListView.swift */,
			);
			path = View;
			sourceTree = "<group>";
		};
		33D421DD2733B31D0058C74F /* Frameworks */ = {
			isa = PBXGroup;
			children = (
				33D421E2273707640058C74F /* GameKit.framework */,
				33D421DE2733B31D0058C74F /* CloudKit.framework */,
			);
			name = Frameworks;
			sourceTree = "<group>";
		};
		33D421E42737077E0058C74F /* Controller */ = {
			isa = PBXGroup;
			children = (
				33D421F02737730D0058C74F /* GameViewController.swift */,
				33D421E5273707B50058C74F /* MLGameAuthController.swift */,
			);
			path = Controller;
			sourceTree = "<group>";
		};
		33D421EF27375FA90058C74F /* Observables */ = {
			isa = PBXGroup;
			children = (
				33D421ED27375F220058C74F /* MLGame.swift */,
			);
			path = Observables;
			sourceTree = "<group>";
		};
/* End PBXGroup section */

/* Begin PBXNativeTarget section */
		336262F52732562C00264C98 /* ocky */ = {
			isa = PBXNativeTarget;
			buildConfigurationList = 336263042732562E00264C98 /* Build configuration list for PBXNativeTarget "ocky" */;
			buildPhases = (
				336262F22732562C00264C98 /* Sources */,
				336262F32732562C00264C98 /* Frameworks */,
				336262F42732562C00264C98 /* Resources */,
			);
			buildRules = (
			);
			dependencies = (
			);
			name = ocky;
			packageProductDependencies = (
				331F72972745600C00003CE8 /* Realm */,
				331F72992745600C00003CE8 /* RealmSwift */,
			);
			productName = SignsUp;
			productReference = 336262F62732562C00264C98 /* ocky.app */;
			productType = "com.apple.product-type.application";
		};
/* End PBXNativeTarget section */

/* Begin PBXProject section */
		336262EE2732562C00264C98 /* Project object */ = {
			isa = PBXProject;
			attributes = {
				BuildIndependentTargetsInParallel = 1;
				LastSwiftUpdateCheck = 1300;
				LastUpgradeCheck = 1300;
				TargetAttributes = {
					336262F52732562C00264C98 = {
						CreatedOnToolsVersion = 13.0;
					};
				};
			};
			buildConfigurationList = 336262F12732562C00264C98 /* Build configuration list for PBXProject "ocky" */;
			compatibilityVersion = "Xcode 13.0";
			developmentRegion = en;
			hasScannedForEncodings = 0;
			knownRegions = (
				en,
				Base,
			);
			mainGroup = 336262ED2732562C00264C98;
			packageReferences = (
				331F72962745600C00003CE8 /* XCRemoteSwiftPackageReference "realm-cocoa" */,
			);
			productRefGroup = 336262F72732562C00264C98 /* Products */;
			projectDirPath = "";
			projectRoot = "";
			targets = (
				336262F52732562C00264C98 /* ocky */,
			);
		};
/* End PBXProject section */

/* Begin PBXResourcesBuildPhase section */
		336262F42732562C00264C98 /* Resources */ = {
			isa = PBXResourcesBuildPhase;
			buildActionMask = 2147483647;
			files = (
				336263012732562E00264C98 /* Preview Assets.xcassets in Resources */,
				336262FE2732562E00264C98 /* Assets.xcassets in Resources */,
			);
			runOnlyForDeploymentPostprocessing = 0;
		};
/* End PBXResourcesBuildPhase section */

/* Begin PBXSourcesBuildPhase section */
		336262F22732562C00264C98 /* Sources */ = {
			isa = PBXSourcesBuildPhase;
			buildActionMask = 2147483647;
			files = (
				336262FC2732562C00264C98 /* ContentView.swift in Sources */,
				331F728F27430C8500003CE8 /* MLGameStateStack.swift in Sources */,
				3343D8F3273A1FBF00EFC8CB /* EmilyView.swift in Sources */,
				331F729527441F3800003CE8 /* QuestionService.swift in Sources */,
				33D421EA27375BB30058C74F /* MLGameData.swift in Sources */,
				335A0DBC273C92210068379D /* QuestionViewHeader.swift in Sources */,
				336263192733929F00264C98 /* QuizListView.swift in Sources */,
				33D421EE27375F220058C74F /* MLGame.swift in Sources */,
				3343D8F12739A70000EFC8CB /* MatchListView.swift in Sources */,
				336263142732EF5A00264C98 /* SplashView.swift in Sources */,
				331F728B273CAA1200003CE8 /* LivesView.swift in Sources */,
				33D421DB2733AF9E0058C74F /* Answer.swift in Sources */,
				3362631227329F1E00264C98 /* InvalidTextModifier.swift in Sources */,
				3303AFD6273B5B5A00F0D116 /* CheckboxField.swift in Sources */,
				3343D8E427388EED00EFC8CB /* MLGameAuthViewRepresentable.swift in Sources */,
				331F727E273C9CA300003CE8 /* QuestionViewPlayingBody.swift in Sources */,
				3343D8ED2738A02B00EFC8CB /* MatchView.swift in Sources */,
				33D421E12733B5820058C74F /* CloudManager.swift in Sources */,
				335A0DBE273C984C0068379D /* QuestionViewEditingBody.swift in Sources */,
				335A0DC0273C9A050068379D /* QuestionViewResultsBody.swift in Sources */,
				3362630927325F8300264C98 /* InputModifier.swift in Sources */,
				331F7285273C9F4900003CE8 /* QuestionNavigationBarView.swift in Sources */,
				3362630B273263ED00264C98 /* SignupFormViewModel.swift in Sources */,
				331F7293274415A500003CE8 /* MLSimpleFactory.swift in Sources */,
				3343D8E627388F0C00EFC8CB /* GameViewRepresentable.swift in Sources */,
				331F728D27430B2C00003CE8 /* MLGameState.swift in Sources */,
				331F7287273CA58700003CE8 /* Data.swift in Sources */,
				331F7283273C9F1000003CE8 /* QuestionViewAnswerButtonModifier.swift in Sources */,
				33D421F12737730D0058C74F /* GameViewController.swift in Sources */,
				33D421E6273707B50058C74F /* MLGameAuthController.swift in Sources */,
				331F7281273C9EEC00003CE8 /* Text+.swift in Sources */,
				336263172732EF8F00264C98 /* HomeView.swift in Sources */,
				3343D8E827388F8000EFC8CB /* MLGameAuthView.swift in Sources */,
				3343D8EA27388FBC00EFC8CB /* GameView.swift in Sources */,
				331F7289273CA6AF00003CE8 /* QuestionResultView.swift in Sources */,
				33D421D92733AF980058C74F /* Question.swift in Sources */,
				331F729127430FC600003CE8 /* GKPlayerManager.swift in Sources */,
				33D421D72733A3030058C74F /* QuestionView.swift in Sources */,
				3362630E273267CE00264C98 /* TextFieldType.swift in Sources */,
				336262FA2732562C00264C98 /* SignsUpApp.swift in Sources */,
				3343D8EF2738A0EB00EFC8CB /* MLMatch.swift in Sources */,
				33D421EC27375BD40058C74F /* MLPlayer.swift in Sources */,
			);
			runOnlyForDeploymentPostprocessing = 0;
		};
/* End PBXSourcesBuildPhase section */

/* Begin XCBuildConfiguration section */
		336263022732562E00264C98 /* Debug */ = {
			isa = XCBuildConfiguration;
			buildSettings = {
				ALWAYS_SEARCH_USER_PATHS = NO;
				CLANG_ANALYZER_NONNULL = YES;
				CLANG_ANALYZER_NUMBER_OBJECT_CONVERSION = YES_AGGRESSIVE;
				CLANG_CXX_LANGUAGE_STANDARD = "gnu++17";
				CLANG_CXX_LIBRARY = "libc++";
				CLANG_ENABLE_MODULES = YES;
				CLANG_ENABLE_OBJC_ARC = YES;
				CLANG_ENABLE_OBJC_WEAK = YES;
				CLANG_WARN_BLOCK_CAPTURE_AUTORELEASING = YES;
				CLANG_WARN_BOOL_CONVERSION = YES;
				CLANG_WARN_COMMA = YES;
				CLANG_WARN_CONSTANT_CONVERSION = YES;
				CLANG_WARN_DEPRECATED_OBJC_IMPLEMENTATIONS = YES;
				CLANG_WARN_DIRECT_OBJC_ISA_USAGE = YES_ERROR;
				CLANG_WARN_DOCUMENTATION_COMMENTS = YES;
				CLANG_WARN_EMPTY_BODY = YES;
				CLANG_WARN_ENUM_CONVERSION = YES;
				CLANG_WARN_INFINITE_RECURSION = YES;
				CLANG_WARN_INT_CONVERSION = YES;
				CLANG_WARN_NON_LITERAL_NULL_CONVERSION = YES;
				CLANG_WARN_OBJC_IMPLICIT_RETAIN_SELF = YES;
				CLANG_WARN_OBJC_LITERAL_CONVERSION = YES;
				CLANG_WARN_OBJC_ROOT_CLASS = YES_ERROR;
				CLANG_WARN_QUOTED_INCLUDE_IN_FRAMEWORK_HEADER = YES;
				CLANG_WARN_RANGE_LOOP_ANALYSIS = YES;
				CLANG_WARN_STRICT_PROTOTYPES = YES;
				CLANG_WARN_SUSPICIOUS_MOVE = YES;
				CLANG_WARN_UNGUARDED_AVAILABILITY = YES_AGGRESSIVE;
				CLANG_WARN_UNREACHABLE_CODE = YES;
				CLANG_WARN__DUPLICATE_METHOD_MATCH = YES;
				COPY_PHASE_STRIP = NO;
				DEBUG_INFORMATION_FORMAT = dwarf;
				ENABLE_STRICT_OBJC_MSGSEND = YES;
				ENABLE_TESTABILITY = YES;
				GCC_C_LANGUAGE_STANDARD = gnu11;
				GCC_DYNAMIC_NO_PIC = NO;
				GCC_NO_COMMON_BLOCKS = YES;
				GCC_OPTIMIZATION_LEVEL = 0;
				GCC_PREPROCESSOR_DEFINITIONS = (
					"DEBUG=1",
					"$(inherited)",
				);
				GCC_WARN_64_TO_32_BIT_CONVERSION = YES;
				GCC_WARN_ABOUT_RETURN_TYPE = YES_ERROR;
				GCC_WARN_UNDECLARED_SELECTOR = YES;
				GCC_WARN_UNINITIALIZED_AUTOS = YES_AGGRESSIVE;
				GCC_WARN_UNUSED_FUNCTION = YES;
				GCC_WARN_UNUSED_VARIABLE = YES;
				IPHONEOS_DEPLOYMENT_TARGET = 15.0;
				MTL_ENABLE_DEBUG_INFO = INCLUDE_SOURCE;
				MTL_FAST_MATH = YES;
				ONLY_ACTIVE_ARCH = YES;
				SDKROOT = iphoneos;
				SWIFT_ACTIVE_COMPILATION_CONDITIONS = DEBUG;
				SWIFT_OPTIMIZATION_LEVEL = "-Onone";
			};
			name = Debug;
		};
		336263032732562E00264C98 /* Release */ = {
			isa = XCBuildConfiguration;
			buildSettings = {
				ALWAYS_SEARCH_USER_PATHS = NO;
				CLANG_ANALYZER_NONNULL = YES;
				CLANG_ANALYZER_NUMBER_OBJECT_CONVERSION = YES_AGGRESSIVE;
				CLANG_CXX_LANGUAGE_STANDARD = "gnu++17";
				CLANG_CXX_LIBRARY = "libc++";
				CLANG_ENABLE_MODULES = YES;
				CLANG_ENABLE_OBJC_ARC = YES;
				CLANG_ENABLE_OBJC_WEAK = YES;
				CLANG_WARN_BLOCK_CAPTURE_AUTORELEASING = YES;
				CLANG_WARN_BOOL_CONVERSION = YES;
				CLANG_WARN_COMMA = YES;
				CLANG_WARN_CONSTANT_CONVERSION = YES;
				CLANG_WARN_DEPRECATED_OBJC_IMPLEMENTATIONS = YES;
				CLANG_WARN_DIRECT_OBJC_ISA_USAGE = YES_ERROR;
				CLANG_WARN_DOCUMENTATION_COMMENTS = YES;
				CLANG_WARN_EMPTY_BODY = YES;
				CLANG_WARN_ENUM_CONVERSION = YES;
				CLANG_WARN_INFINITE_RECURSION = YES;
				CLANG_WARN_INT_CONVERSION = YES;
				CLANG_WARN_NON_LITERAL_NULL_CONVERSION = YES;
				CLANG_WARN_OBJC_IMPLICIT_RETAIN_SELF = YES;
				CLANG_WARN_OBJC_LITERAL_CONVERSION = YES;
				CLANG_WARN_OBJC_ROOT_CLASS = YES_ERROR;
				CLANG_WARN_QUOTED_INCLUDE_IN_FRAMEWORK_HEADER = YES;
				CLANG_WARN_RANGE_LOOP_ANALYSIS = YES;
				CLANG_WARN_STRICT_PROTOTYPES = YES;
				CLANG_WARN_SUSPICIOUS_MOVE = YES;
				CLANG_WARN_UNGUARDED_AVAILABILITY = YES_AGGRESSIVE;
				CLANG_WARN_UNREACHABLE_CODE = YES;
				CLANG_WARN__DUPLICATE_METHOD_MATCH = YES;
				COPY_PHASE_STRIP = NO;
				DEBUG_INFORMATION_FORMAT = "dwarf-with-dsym";
				ENABLE_NS_ASSERTIONS = NO;
				ENABLE_STRICT_OBJC_MSGSEND = YES;
				GCC_C_LANGUAGE_STANDARD = gnu11;
				GCC_NO_COMMON_BLOCKS = YES;
				GCC_WARN_64_TO_32_BIT_CONVERSION = YES;
				GCC_WARN_ABOUT_RETURN_TYPE = YES_ERROR;
				GCC_WARN_UNDECLARED_SELECTOR = YES;
				GCC_WARN_UNINITIALIZED_AUTOS = YES_AGGRESSIVE;
				GCC_WARN_UNUSED_FUNCTION = YES;
				GCC_WARN_UNUSED_VARIABLE = YES;
				IPHONEOS_DEPLOYMENT_TARGET = 15.0;
				MTL_ENABLE_DEBUG_INFO = NO;
				MTL_FAST_MATH = YES;
				SDKROOT = iphoneos;
				SWIFT_COMPILATION_MODE = wholemodule;
				SWIFT_OPTIMIZATION_LEVEL = "-O";
				VALIDATE_PRODUCT = YES;
			};
			name = Release;
		};
		336263052732562E00264C98 /* Debug */ = {
			isa = XCBuildConfiguration;
			buildSettings = {
				ASSETCATALOG_COMPILER_APPICON_NAME = AppIcon;
				ASSETCATALOG_COMPILER_GLOBAL_ACCENT_COLOR_NAME = AccentColor;
				CODE_SIGN_ENTITLEMENTS = ocky/SignsUp.entitlements;
				CODE_SIGN_STYLE = Automatic;
				CURRENT_PROJECT_VERSION = 1;
				DEVELOPMENT_ASSET_PATHS = "\"ocky/Preview Content\"";
				DEVELOPMENT_TEAM = 2W3P634BS8;
				ENABLE_PREVIEWS = YES;
				GENERATE_INFOPLIST_FILE = YES;
				INFOPLIST_KEY_UIApplicationSceneManifest_Generation = YES;
				INFOPLIST_KEY_UIApplicationSupportsIndirectInputEvents = YES;
				INFOPLIST_KEY_UILaunchScreen_Generation = YES;
				INFOPLIST_KEY_UIRequiredDeviceCapabilities = gamekit;
				INFOPLIST_KEY_UISupportedInterfaceOrientations = UIInterfaceOrientationPortrait;
				INFOPLIST_KEY_UISupportedInterfaceOrientations_iPad = "UIInterfaceOrientationPortrait UIInterfaceOrientationPortraitUpsideDown UIInterfaceOrientationLandscapeLeft UIInterfaceOrientationLandscapeRight";
				INFOPLIST_KEY_UISupportedInterfaceOrientations_iPhone = "UIInterfaceOrientationPortrait UIInterfaceOrientationLandscapeLeft UIInterfaceOrientationLandscapeRight";
				IPHONEOS_DEPLOYMENT_TARGET = 15.0;
				LD_RUNPATH_SEARCH_PATHS = (
					"$(inherited)",
					"@executable_path/Frameworks",
				);
				MARKETING_VERSION = 1.0;
				PRODUCT_BUNDLE_IDENTIFIER = com.donderapps.mlquizzo;
				PRODUCT_NAME = ocky;
				SWIFT_EMIT_LOC_STRINGS = YES;
				SWIFT_VERSION = 5.0;
				TARGETED_DEVICE_FAMILY = 1;
			};
			name = Debug;
		};
		336263062732562E00264C98 /* Release */ = {
			isa = XCBuildConfiguration;
			buildSettings = {
				ASSETCATALOG_COMPILER_APPICON_NAME = AppIcon;
				ASSETCATALOG_COMPILER_GLOBAL_ACCENT_COLOR_NAME = AccentColor;
				CODE_SIGN_ENTITLEMENTS = ocky/SignsUp.entitlements;
				CODE_SIGN_STYLE = Automatic;
				CURRENT_PROJECT_VERSION = 1;
				DEVELOPMENT_ASSET_PATHS = "\"ocky/Preview Content\"";
				DEVELOPMENT_TEAM = 2W3P634BS8;
				ENABLE_PREVIEWS = YES;
				GENERATE_INFOPLIST_FILE = YES;
				INFOPLIST_KEY_UIApplicationSceneManifest_Generation = YES;
				INFOPLIST_KEY_UIApplicationSupportsIndirectInputEvents = YES;
				INFOPLIST_KEY_UILaunchScreen_Generation = YES;
				INFOPLIST_KEY_UIRequiredDeviceCapabilities = gamekit;
				INFOPLIST_KEY_UISupportedInterfaceOrientations = UIInterfaceOrientationPortrait;
				INFOPLIST_KEY_UISupportedInterfaceOrientations_iPad = "UIInterfaceOrientationPortrait UIInterfaceOrientationPortraitUpsideDown UIInterfaceOrientationLandscapeLeft UIInterfaceOrientationLandscapeRight";
				INFOPLIST_KEY_UISupportedInterfaceOrientations_iPhone = "UIInterfaceOrientationPortrait UIInterfaceOrientationLandscapeLeft UIInterfaceOrientationLandscapeRight";
				IPHONEOS_DEPLOYMENT_TARGET = 15.0;
				LD_RUNPATH_SEARCH_PATHS = (
					"$(inherited)",
					"@executable_path/Frameworks",
				);
				MARKETING_VERSION = 1.0;
				PRODUCT_BUNDLE_IDENTIFIER = com.donderapps.mlquizzo;
				PRODUCT_NAME = ocky;
				SWIFT_EMIT_LOC_STRINGS = YES;
				SWIFT_VERSION = 5.0;
				TARGETED_DEVICE_FAMILY = 1;
			};
			name = Release;
		};
/* End XCBuildConfiguration section */

/* Begin XCConfigurationList section */
		336262F12732562C00264C98 /* Build configuration list for PBXProject "ocky" */ = {
			isa = XCConfigurationList;
			buildConfigurations = (
				336263022732562E00264C98 /* Debug */,
				336263032732562E00264C98 /* Release */,
			);
			defaultConfigurationIsVisible = 0;
			defaultConfigurationName = Release;
		};
		336263042732562E00264C98 /* Build configuration list for PBXNativeTarget "ocky" */ = {
			isa = XCConfigurationList;
			buildConfigurations = (
				336263052732562E00264C98 /* Debug */,
				336263062732562E00264C98 /* Release */,
			);
			defaultConfigurationIsVisible = 0;
			defaultConfigurationName = Release;
		};
/* End XCConfigurationList section */

/* Begin XCRemoteSwiftPackageReference section */
		331F72962745600C00003CE8 /* XCRemoteSwiftPackageReference "realm-cocoa" */ = {
			isa = XCRemoteSwiftPackageReference;
			repositoryURL = "https://github.com/realm/realm-cocoa.git";
			requirement = {
				kind = upToNextMajorVersion;
				minimumVersion = 10.19.0;
			};
		};
/* End XCRemoteSwiftPackageReference section */

/* Begin XCSwiftPackageProductDependency section */
		331F72972745600C00003CE8 /* Realm */ = {
			isa = XCSwiftPackageProductDependency;
			package = 331F72962745600C00003CE8 /* XCRemoteSwiftPackageReference "realm-cocoa" */;
			productName = Realm;
		};
		331F72992745600C00003CE8 /* RealmSwift */ = {
			isa = XCSwiftPackageProductDependency;
			package = 331F72962745600C00003CE8 /* XCRemoteSwiftPackageReference "realm-cocoa" */;
			productName = RealmSwift;
		};
/* End XCSwiftPackageProductDependency section */
	};
	rootObject = 336262EE2732562C00264C98 /* Project object */;
}
